
Microsoft Visual Studio Solution File, Format Version 12.00
# Visual Studio Version 16
VisualStudioVersion = 16.0.32413.511
MinimumVisualStudioVersion = 10.0.40219.1
Project("{9A19103F-16F7-4668-BE54-9A1E7A4F7556}") = "DemoTest", "DemoTest.csproj", "{B19074D8-E906-4D33-9474-ADDECC0ED854}"
EndProject
Project("{9A19103F-16F7-4668-BE54-9A1E7A4F7556}") = "DemoTest.DL", "..\DemoTest.DL\DemoTest.DL.csproj", "{9D6B4B05-97A3-4607-AFBD-9D79CD76BE61}"
EndProject
Project("{9A19103F-16F7-4668-BE54-9A1E7A4F7556}") = "DemoTest.BL", "..\DemoTest.BL\DemoTest.BL.csproj", "{426BFB63-9D3F-4F6E-ABEC-9110A688B126}"
EndProject
Project("{FAE04EC0-301F-11D3-BF4B-00C04F79EFBC}") = "DemoTest.API", "..\DemoTest.API\DemoTest.API.csproj", "{3129C32D-0980-48A8-9C8C-E26E54EBC66E}"
EndProject
Global
	GlobalSection(SolutionConfigurationPlatforms) = preSolution
		Debug|Any CPU = Debug|Any CPU
		Release|Any CPU = Release|Any CPU
	EndGlobalSection
	GlobalSection(ProjectConfigurationPlatforms) = postSolution
		{B19074D8-E906-4D33-9474-ADDECC0ED854}.Debug|Any CPU.ActiveCfg = Debug|Any CPU
		{B19074D8-E906-4D33-9474-ADDECC0ED854}.Debug|Any CPU.Build.0 = Debug|Any CPU
		{B19074D8-E906-4D33-9474-ADDECC0ED854}.Release|Any CPU.ActiveCfg = Release|Any CPU
		{B19074D8-E906-4D33-9474-ADDECC0ED854}.Release|Any CPU.Build.0 = Release|Any CPU
		{9D6B4B05-97A3-4607-AFBD-9D79CD76BE61}.Debug|Any CPU.ActiveCfg = Debug|Any CPU
		{9D6B4B05-97A3-4607-AFBD-9D79CD76BE61}.Debug|Any CPU.Build.0 = Debug|Any CPU
		{9D6B4B05-97A3-4607-AFBD-9D79CD76BE61}.Release|Any CPU.ActiveCfg = Release|Any CPU
		{9D6B4B05-97A3-4607-AFBD-9D79CD76BE61}.Release|Any CPU.Build.0 = Release|Any CPU
		{426BFB63-9D3F-4F6E-ABEC-9110A688B126}.Debug|Any CPU.ActiveCfg = Debug|Any CPU
		{426BFB63-9D3F-4F6E-ABEC-9110A688B126}.Debug|Any CPU.Build.0 = Debug|Any CPU
		{426BFB63-9D3F-4F6E-ABEC-9110A688B126}.Release|Any CPU.ActiveCfg = Release|Any CPU
		{426BFB63-9D3F-4F6E-ABEC-9110A688B126}.Release|Any CPU.Build.0 = Release|Any CPU
		{3129C32D-0980-48A8-9C8C-E26E54EBC66E}.Debug|Any CPU.ActiveCfg = Debug|Any CPU
		{3129C32D-0980-48A8-9C8C-E26E54EBC66E}.Debug|Any CPU.Build.0 = Debug|Any CPU
		{3129C32D-0980-48A8-9C8C-E26E54EBC66E}.Release|Any CPU.ActiveCfg = Release|Any CPU
		{3129C32D-0980-48A8-9C8C-E26E54EBC66E}.Release|Any CPU.Build.0 = Release|Any CPU
	EndGlobalSection
	GlobalSection(SolutionProperties) = preSolution
		HideSolutionNode = FALSE
	EndGlobalSection
	GlobalSection(ExtensibilityGlobals) = postSolution
		SolutionGuid = {4E068BA8-B2CA-4094-A1EC-429BFFDA4C5D}
	EndGlobalSection
EndGlobal
